// !$*UTF8*$!
{
	archiveVersion = 1;
	classes = {
	};
	objectVersion = 50;
	objects = {

/* Begin PBXBuildFile section */
		BB0D176C2470FAEB00BCFB2A /* AppDelegate.swift in Sources */ = {isa = PBXBuildFile; fileRef = BB0D176B2470FAEB00BCFB2A /* AppDelegate.swift */; };
		BB0D176E2470FAEB00BCFB2A /* SceneDelegate.swift in Sources */ = {isa = PBXBuildFile; fileRef = BB0D176D2470FAEB00BCFB2A /* SceneDelegate.swift */; };
		BB0D17722470FAEC00BCFB2A /* Assets.xcassets in Resources */ = {isa = PBXBuildFile; fileRef = BB0D17712470FAEC00BCFB2A /* Assets.xcassets */; };
		BB0D17752470FAEC00BCFB2A /* Preview Assets.xcassets in Resources */ = {isa = PBXBuildFile; fileRef = BB0D17742470FAEC00BCFB2A /* Preview Assets.xcassets */; };
		BB0D17782470FAEC00BCFB2A /* LaunchScreen.storyboard in Resources */ = {isa = PBXBuildFile; fileRef = BB0D17762470FAEC00BCFB2A /* LaunchScreen.storyboard */; };
		BB0D17832470FAED00BCFB2A /* giantbombTests.swift in Sources */ = {isa = PBXBuildFile; fileRef = BB0D17822470FAED00BCFB2A /* giantbombTests.swift */; };
		BB0D178E2470FAED00BCFB2A /* giantbombUITests.swift in Sources */ = {isa = PBXBuildFile; fileRef = BB0D178D2470FAED00BCFB2A /* giantbombUITests.swift */; };
		BB47955B248087E800084732 /* Release.xcconfig in Resources */ = {isa = PBXBuildFile; fileRef = BB47955A248087E800084732 /* Release.xcconfig */; };
		BB6EE6842478C9EF00274B81 /* VideoService.swift in Sources */ = {isa = PBXBuildFile; fileRef = BB6EE6832478C9EF00274B81 /* VideoService.swift */; };
		BB6EE6892478CABA00274B81 /* VideoListView.swift in Sources */ = {isa = PBXBuildFile; fileRef = BB6EE6882478CABA00274B81 /* VideoListView.swift */; };
		BB6EE68B2478D02F00274B81 /* VideoServiceModel.swift in Sources */ = {isa = PBXBuildFile; fileRef = BB6EE68A2478D02F00274B81 /* VideoServiceModel.swift */; };
		BBA59823247103410077F09B /* Environment.swift in Sources */ = {isa = PBXBuildFile; fileRef = BBA59822247103410077F09B /* Environment.swift */; };
		BBA5982624714B8F0077F09B /* VideoView.swift in Sources */ = {isa = PBXBuildFile; fileRef = BBA5982524714B8F0077F09B /* VideoView.swift */; };
/* End PBXBuildFile section */

/* Begin PBXContainerItemProxy section */
		BB0D177F2470FAED00BCFB2A /* PBXContainerItemProxy */ = {
			isa = PBXContainerItemProxy;
			containerPortal = BB0D17602470FAEB00BCFB2A /* Project object */;
			proxyType = 1;
			remoteGlobalIDString = BB0D17672470FAEB00BCFB2A;
			remoteInfo = giantbomb;
		};
		BB0D178A2470FAED00BCFB2A /* PBXContainerItemProxy */ = {
			isa = PBXContainerItemProxy;
			containerPortal = BB0D17602470FAEB00BCFB2A /* Project object */;
			proxyType = 1;
			remoteGlobalIDString = BB0D17672470FAEB00BCFB2A;
			remoteInfo = giantbomb;
		};
/* End PBXContainerItemProxy section */

/* Begin PBXFileReference section */
		BB0D17682470FAEB00BCFB2A /* giantbomb.app */ = {isa = PBXFileReference; explicitFileType = wrapper.application; includeInIndex = 0; path = giantbomb.app; sourceTree = BUILT_PRODUCTS_DIR; };
		BB0D176B2470FAEB00BCFB2A /* AppDelegate.swift */ = {isa = PBXFileReference; lastKnownFileType = sourcecode.swift; path = AppDelegate.swift; sourceTree = "<group>"; };
		BB0D176D2470FAEB00BCFB2A /* SceneDelegate.swift */ = {isa = PBXFileReference; lastKnownFileType = sourcecode.swift; path = SceneDelegate.swift; sourceTree = "<group>"; };
		BB0D17712470FAEC00BCFB2A /* Assets.xcassets */ = {isa = PBXFileReference; lastKnownFileType = folder.assetcatalog; path = Assets.xcassets; sourceTree = "<group>"; };
		BB0D17742470FAEC00BCFB2A /* Preview Assets.xcassets */ = {isa = PBXFileReference; lastKnownFileType = folder.assetcatalog; path = "Preview Assets.xcassets"; sourceTree = "<group>"; };
		BB0D17772470FAEC00BCFB2A /* Base */ = {isa = PBXFileReference; lastKnownFileType = file.storyboard; name = Base; path = Base.lproj/LaunchScreen.storyboard; sourceTree = "<group>"; };
		BB0D17792470FAEC00BCFB2A /* Info.plist */ = {isa = PBXFileReference; lastKnownFileType = text.plist.xml; path = Info.plist; sourceTree = "<group>"; };
		BB0D177E2470FAED00BCFB2A /* giantbombTests.xctest */ = {isa = PBXFileReference; explicitFileType = wrapper.cfbundle; includeInIndex = 0; path = giantbombTests.xctest; sourceTree = BUILT_PRODUCTS_DIR; };
		BB0D17822470FAED00BCFB2A /* giantbombTests.swift */ = {isa = PBXFileReference; lastKnownFileType = sourcecode.swift; path = giantbombTests.swift; sourceTree = "<group>"; };
		BB0D17842470FAED00BCFB2A /* Info.plist */ = {isa = PBXFileReference; lastKnownFileType = text.plist.xml; path = Info.plist; sourceTree = "<group>"; };
		BB0D17892470FAED00BCFB2A /* giantbombUITests.xctest */ = {isa = PBXFileReference; explicitFileType = wrapper.cfbundle; includeInIndex = 0; path = giantbombUITests.xctest; sourceTree = BUILT_PRODUCTS_DIR; };
		BB0D178D2470FAED00BCFB2A /* giantbombUITests.swift */ = {isa = PBXFileReference; lastKnownFileType = sourcecode.swift; path = giantbombUITests.swift; sourceTree = "<group>"; };
		BB0D178F2470FAED00BCFB2A /* Info.plist */ = {isa = PBXFileReference; lastKnownFileType = text.plist.xml; path = Info.plist; sourceTree = "<group>"; };
		BB47955A248087E800084732 /* Release.xcconfig */ = {isa = PBXFileReference; fileEncoding = 4; lastKnownFileType = text.xcconfig; path = Release.xcconfig; sourceTree = "<group>"; };
		BB6EE6832478C9EF00274B81 /* VideoService.swift */ = {isa = PBXFileReference; lastKnownFileType = sourcecode.swift; path = VideoService.swift; sourceTree = "<group>"; };
		BB6EE6882478CABA00274B81 /* VideoListView.swift */ = {isa = PBXFileReference; lastKnownFileType = sourcecode.swift; path = VideoListView.swift; sourceTree = "<group>"; };
		BB6EE68A2478D02F00274B81 /* VideoServiceModel.swift */ = {isa = PBXFileReference; lastKnownFileType = sourcecode.swift; path = VideoServiceModel.swift; sourceTree = "<group>"; };
		BBA59822247103410077F09B /* Environment.swift */ = {isa = PBXFileReference; lastKnownFileType = sourcecode.swift; path = Environment.swift; sourceTree = "<group>"; };
		BBA59824247105500077F09B /* Development.xcconfig */ = {isa = PBXFileReference; lastKnownFileType = text.xcconfig; path = Development.xcconfig; sourceTree = "<group>"; };
		BBA5982524714B8F0077F09B /* VideoView.swift */ = {isa = PBXFileReference; lastKnownFileType = sourcecode.swift; path = VideoView.swift; sourceTree = "<group>"; };
/* End PBXFileReference section */

/* Begin PBXFrameworksBuildPhase section */
		BB0D17652470FAEB00BCFB2A /* Frameworks */ = {
			isa = PBXFrameworksBuildPhase;
			buildActionMask = 2147483647;
			files = (
			);
			runOnlyForDeploymentPostprocessing = 0;
		};
		BB0D177B2470FAED00BCFB2A /* Frameworks */ = {
			isa = PBXFrameworksBuildPhase;
			buildActionMask = 2147483647;
			files = (
			);
			runOnlyForDeploymentPostprocessing = 0;
		};
		BB0D17862470FAED00BCFB2A /* Frameworks */ = {
			isa = PBXFrameworksBuildPhase;
			buildActionMask = 2147483647;
			files = (
			);
			runOnlyForDeploymentPostprocessing = 0;
		};
/* End PBXFrameworksBuildPhase section */

/* Begin PBXGroup section */
		BB0D175F2470FAEB00BCFB2A = {
			isa = PBXGroup;
			children = (
				BBA59824247105500077F09B /* Development.xcconfig */,
				BB0D176A2470FAEB00BCFB2A /* giantbomb */,
				BB0D17812470FAED00BCFB2A /* giantbombTests */,
				BB0D178C2470FAED00BCFB2A /* giantbombUITests */,
				BB0D17692470FAEB00BCFB2A /* Products */,
				BB47955A248087E800084732 /* Release.xcconfig */,
			);
			sourceTree = "<group>";
		};
		BB0D17692470FAEB00BCFB2A /* Products */ = {
			isa = PBXGroup;
			children = (
				BB0D17682470FAEB00BCFB2A /* giantbomb.app */,
				BB0D177E2470FAED00BCFB2A /* giantbombTests.xctest */,
				BB0D17892470FAED00BCFB2A /* giantbombUITests.xctest */,
			);
			name = Products;
			sourceTree = "<group>";
		};
		BB0D176A2470FAEB00BCFB2A /* giantbomb */ = {
			isa = PBXGroup;
			children = (
				BB6EE6872478CA2300274B81 /* Models */,
				BB6EE6822478C9AD00274B81 /* Views */,
				BB6EE6812478C99F00274B81 /* Services */,
				BB0D176B2470FAEB00BCFB2A /* AppDelegate.swift */,
				BB0D176D2470FAEB00BCFB2A /* SceneDelegate.swift */,
				BB0D17712470FAEC00BCFB2A /* Assets.xcassets */,
				BB0D17762470FAEC00BCFB2A /* LaunchScreen.storyboard */,
				BB0D17792470FAEC00BCFB2A /* Info.plist */,
				BB0D17732470FAEC00BCFB2A /* Preview Content */,
			);
			path = giantbomb;
			sourceTree = "<group>";
		};
		BB0D17732470FAEC00BCFB2A /* Preview Content */ = {
			isa = PBXGroup;
			children = (
				BB0D17742470FAEC00BCFB2A /* Preview Assets.xcassets */,
			);
			path = "Preview Content";
			sourceTree = "<group>";
		};
		BB0D17812470FAED00BCFB2A /* giantbombTests */ = {
			isa = PBXGroup;
			children = (
				BB0D17822470FAED00BCFB2A /* giantbombTests.swift */,
				BB0D17842470FAED00BCFB2A /* Info.plist */,
			);
			path = giantbombTests;
			sourceTree = "<group>";
		};
		BB0D178C2470FAED00BCFB2A /* giantbombUITests */ = {
			isa = PBXGroup;
			children = (
				BB0D178D2470FAED00BCFB2A /* giantbombUITests.swift */,
				BB0D178F2470FAED00BCFB2A /* Info.plist */,
			);
			path = giantbombUITests;
			sourceTree = "<group>";
		};
		BB6EE6812478C99F00274B81 /* Services */ = {
			isa = PBXGroup;
			children = (
				BB6EE6832478C9EF00274B81 /* VideoService.swift */,
			);
			path = Services;
			sourceTree = "<group>";
		};
		BB6EE6822478C9AD00274B81 /* Views */ = {
			isa = PBXGroup;
			children = (
				BBA5982524714B8F0077F09B /* VideoView.swift */,
				BB6EE6882478CABA00274B81 /* VideoListView.swift */,
			);
			path = Views;
			sourceTree = "<group>";
		};
		BB6EE6872478CA2300274B81 /* Models */ = {
			isa = PBXGroup;
			children = (
				BBA59822247103410077F09B /* Environment.swift */,
				BB6EE68A2478D02F00274B81 /* VideoServiceModel.swift */,
			);
			path = Models;
			sourceTree = "<group>";
		};
/* End PBXGroup section */

/* Begin PBXNativeTarget section */
		BB0D17672470FAEB00BCFB2A /* giantbomb */ = {
			isa = PBXNativeTarget;
			buildConfigurationList = BB0D17922470FAED00BCFB2A /* Build configuration list for PBXNativeTarget "giantbomb" */;
			buildPhases = (
				BB0D17642470FAEB00BCFB2A /* Sources */,
				BB0D17652470FAEB00BCFB2A /* Frameworks */,
				BB0D17662470FAEB00BCFB2A /* Resources */,
			);
			buildRules = (
			);
			dependencies = (
			);
			name = giantbomb;
			productName = giantbomb;
			productReference = BB0D17682470FAEB00BCFB2A /* giantbomb.app */;
			productType = "com.apple.product-type.application";
		};
		BB0D177D2470FAED00BCFB2A /* giantbombTests */ = {
			isa = PBXNativeTarget;
			buildConfigurationList = BB0D17952470FAED00BCFB2A /* Build configuration list for PBXNativeTarget "giantbombTests" */;
			buildPhases = (
				BB0D177A2470FAED00BCFB2A /* Sources */,
				BB0D177B2470FAED00BCFB2A /* Frameworks */,
				BB0D177C2470FAED00BCFB2A /* Resources */,
			);
			buildRules = (
			);
			dependencies = (
				BB0D17802470FAED00BCFB2A /* PBXTargetDependency */,
			);
			name = giantbombTests;
			productName = giantbombTests;
			productReference = BB0D177E2470FAED00BCFB2A /* giantbombTests.xctest */;
			productType = "com.apple.product-type.bundle.unit-test";
		};
		BB0D17882470FAED00BCFB2A /* giantbombUITests */ = {
			isa = PBXNativeTarget;
			buildConfigurationList = BB0D17982470FAED00BCFB2A /* Build configuration list for PBXNativeTarget "giantbombUITests" */;
			buildPhases = (
				BB0D17852470FAED00BCFB2A /* Sources */,
				BB0D17862470FAED00BCFB2A /* Frameworks */,
				BB0D17872470FAED00BCFB2A /* Resources */,
			);
			buildRules = (
			);
			dependencies = (
				BB0D178B2470FAED00BCFB2A /* PBXTargetDependency */,
			);
			name = giantbombUITests;
			productName = giantbombUITests;
			productReference = BB0D17892470FAED00BCFB2A /* giantbombUITests.xctest */;
			productType = "com.apple.product-type.bundle.ui-testing";
		};
/* End PBXNativeTarget section */

/* Begin PBXProject section */
		BB0D17602470FAEB00BCFB2A /* Project object */ = {
			isa = PBXProject;
			attributes = {
				LastSwiftUpdateCheck = 1140;
				LastUpgradeCheck = 1140;
				ORGANIZATIONNAME = "Randeep Dhaliwal";
				TargetAttributes = {
					BB0D17672470FAEB00BCFB2A = {
						CreatedOnToolsVersion = 11.4.1;
					};
					BB0D177D2470FAED00BCFB2A = {
						CreatedOnToolsVersion = 11.4.1;
						TestTargetID = BB0D17672470FAEB00BCFB2A;
					};
					BB0D17882470FAED00BCFB2A = {
						CreatedOnToolsVersion = 11.4.1;
						TestTargetID = BB0D17672470FAEB00BCFB2A;
					};
				};
			};
			buildConfigurationList = BB0D17632470FAEB00BCFB2A /* Build configuration list for PBXProject "giantbomb" */;
			compatibilityVersion = "Xcode 9.3";
			developmentRegion = en;
			hasScannedForEncodings = 0;
			knownRegions = (
				en,
				Base,
			);
			mainGroup = BB0D175F2470FAEB00BCFB2A;
			productRefGroup = BB0D17692470FAEB00BCFB2A /* Products */;
			projectDirPath = "";
			projectRoot = "";
			targets = (
				BB0D17672470FAEB00BCFB2A /* giantbomb */,
				BB0D177D2470FAED00BCFB2A /* giantbombTests */,
				BB0D17882470FAED00BCFB2A /* giantbombUITests */,
			);
		};
/* End PBXProject section */

/* Begin PBXResourcesBuildPhase section */
		BB0D17662470FAEB00BCFB2A /* Resources */ = {
			isa = PBXResourcesBuildPhase;
			buildActionMask = 2147483647;
			files = (
				BB47955B248087E800084732 /* Release.xcconfig in Resources */,
				BB0D17782470FAEC00BCFB2A /* LaunchScreen.storyboard in Resources */,
				BB0D17752470FAEC00BCFB2A /* Preview Assets.xcassets in Resources */,
				BB0D17722470FAEC00BCFB2A /* Assets.xcassets in Resources */,
			);
			runOnlyForDeploymentPostprocessing = 0;
		};
		BB0D177C2470FAED00BCFB2A /* Resources */ = {
			isa = PBXResourcesBuildPhase;
			buildActionMask = 2147483647;
			files = (
			);
			runOnlyForDeploymentPostprocessing = 0;
		};
		BB0D17872470FAED00BCFB2A /* Resources */ = {
			isa = PBXResourcesBuildPhase;
			buildActionMask = 2147483647;
			files = (
			);
			runOnlyForDeploymentPostprocessing = 0;
		};
/* End PBXResourcesBuildPhase section */

/* Begin PBXSourcesBuildPhase section */
		BB0D17642470FAEB00BCFB2A /* Sources */ = {
			isa = PBXSourcesBuildPhase;
			buildActionMask = 2147483647;
			files = (
				BB0D176C2470FAEB00BCFB2A /* AppDelegate.swift in Sources */,
				BB6EE6842478C9EF00274B81 /* VideoService.swift in Sources */,
				BB6EE6892478CABA00274B81 /* VideoListView.swift in Sources */,
				BBA5982624714B8F0077F09B /* VideoView.swift in Sources */,
				BB6EE68B2478D02F00274B81 /* VideoServiceModel.swift in Sources */,
				BBA59823247103410077F09B /* Environment.swift in Sources */,
				BB0D176E2470FAEB00BCFB2A /* SceneDelegate.swift in Sources */,
			);
			runOnlyForDeploymentPostprocessing = 0;
		};
		BB0D177A2470FAED00BCFB2A /* Sources */ = {
			isa = PBXSourcesBuildPhase;
			buildActionMask = 2147483647;
			files = (
				BB0D17832470FAED00BCFB2A /* giantbombTests.swift in Sources */,
			);
			runOnlyForDeploymentPostprocessing = 0;
		};
		BB0D17852470FAED00BCFB2A /* Sources */ = {
			isa = PBXSourcesBuildPhase;
			buildActionMask = 2147483647;
			files = (
				BB0D178E2470FAED00BCFB2A /* giantbombUITests.swift in Sources */,
			);
			runOnlyForDeploymentPostprocessing = 0;
		};
/* End PBXSourcesBuildPhase section */

/* Begin PBXTargetDependency section */
		BB0D17802470FAED00BCFB2A /* PBXTargetDependency */ = {
			isa = PBXTargetDependency;
			target = BB0D17672470FAEB00BCFB2A /* giantbomb */;
			targetProxy = BB0D177F2470FAED00BCFB2A /* PBXContainerItemProxy */;
		};
		BB0D178B2470FAED00BCFB2A /* PBXTargetDependency */ = {
			isa = PBXTargetDependency;
			target = BB0D17672470FAEB00BCFB2A /* giantbomb */;
			targetProxy = BB0D178A2470FAED00BCFB2A /* PBXContainerItemProxy */;
		};
/* End PBXTargetDependency section */

/* Begin PBXVariantGroup section */
		BB0D17762470FAEC00BCFB2A /* LaunchScreen.storyboard */ = {
			isa = PBXVariantGroup;
			children = (
				BB0D17772470FAEC00BCFB2A /* Base */,
			);
			name = LaunchScreen.storyboard;
			sourceTree = "<group>";
		};
/* End PBXVariantGroup section */

/* Begin XCBuildConfiguration section */
		BB0D17902470FAED00BCFB2A /* Debug */ = {
			isa = XCBuildConfiguration;
			baseConfigurationReference = BBA59824247105500077F09B /* Development.xcconfig */;
			buildSettings = {
				ALWAYS_SEARCH_USER_PATHS = NO;
				CLANG_ANALYZER_NONNULL = YES;
				CLANG_ANALYZER_NUMBER_OBJECT_CONVERSION = YES_AGGRESSIVE;
				CLANG_CXX_LANGUAGE_STANDARD = "gnu++14";
				CLANG_CXX_LIBRARY = "libc++";
				CLANG_ENABLE_MODULES = YES;
				CLANG_ENABLE_OBJC_ARC = YES;
				CLANG_ENABLE_OBJC_WEAK = YES;
				CLANG_WARN_BLOCK_CAPTURE_AUTORELEASING = YES;
				CLANG_WARN_BOOL_CONVERSION = YES;
				CLANG_WARN_COMMA = YES;
				CLANG_WARN_CONSTANT_CONVERSION = YES;
				CLANG_WARN_DEPRECATED_OBJC_IMPLEMENTATIONS = YES;
				CLANG_WARN_DIRECT_OBJC_ISA_USAGE = YES_ERROR;
				CLANG_WARN_DOCUMENTATION_COMMENTS = YES;
				CLANG_WARN_EMPTY_BODY = YES;
				CLANG_WARN_ENUM_CONVERSION = YES;
				CLANG_WARN_INFINITE_RECURSION = YES;
				CLANG_WARN_INT_CONVERSION = YES;
				CLANG_WARN_NON_LITERAL_NULL_CONVERSION = YES;
				CLANG_WARN_OBJC_IMPLICIT_RETAIN_SELF = YES;
				CLANG_WARN_OBJC_LITERAL_CONVERSION = YES;
				CLANG_WARN_OBJC_ROOT_CLASS = YES_ERROR;
				CLANG_WARN_RANGE_LOOP_ANALYSIS = YES;
				CLANG_WARN_STRICT_PROTOTYPES = YES;
				CLANG_WARN_SUSPICIOUS_MOVE = YES;
				CLANG_WARN_UNGUARDED_AVAILABILITY = YES_AGGRESSIVE;
				CLANG_WARN_UNREACHABLE_CODE = YES;
				CLANG_WARN__DUPLICATE_METHOD_MATCH = YES;
				COPY_PHASE_STRIP = NO;
				DEBUG_INFORMATION_FORMAT = dwarf;
				ENABLE_STRICT_OBJC_MSGSEND = YES;
				ENABLE_TESTABILITY = YES;
				GCC_C_LANGUAGE_STANDARD = gnu11;
				GCC_DYNAMIC_NO_PIC = NO;
				GCC_NO_COMMON_BLOCKS = YES;
				GCC_OPTIMIZATION_LEVEL = 0;
				GCC_PREPROCESSOR_DEFINITIONS = (
					"DEBUG=1",
					"$(inherited)",
				);
				GCC_WARN_64_TO_32_BIT_CONVERSION = YES;
				GCC_WARN_ABOUT_RETURN_TYPE = YES_ERROR;
				GCC_WARN_UNDECLARED_SELECTOR = YES;
				GCC_WARN_UNINITIALIZED_AUTOS = YES_AGGRESSIVE;
				GCC_WARN_UNUSED_FUNCTION = YES;
				GCC_WARN_UNUSED_VARIABLE = YES;
				IPHONEOS_DEPLOYMENT_TARGET = 13.4;
				MTL_ENABLE_DEBUG_INFO = INCLUDE_SOURCE;
				MTL_FAST_MATH = YES;
				ONLY_ACTIVE_ARCH = YES;
				SDKROOT = iphoneos;
				SWIFT_ACTIVE_COMPILATION_CONDITIONS = DEBUG;
				SWIFT_OPTIMIZATION_LEVEL = "-Onone";
			};
			name = Debug;
		};
		BB0D17912470FAED00BCFB2A /* Release */ = {
			isa = XCBuildConfiguration;
			baseConfigurationReference = BB47955A248087E800084732 /* Release.xcconfig */;
			buildSettings = {
				ALWAYS_SEARCH_USER_PATHS = NO;
				CLANG_ANALYZER_NONNULL = YES;
				CLANG_ANALYZER_NUMBER_OBJECT_CONVERSION = YES_AGGRESSIVE;
				CLANG_CXX_LANGUAGE_STANDARD = "gnu++14";
				CLANG_CXX_LIBRARY = "libc++";
				CLANG_ENABLE_MODULES = YES;
				CLANG_ENABLE_OBJC_ARC = YES;
				CLANG_ENABLE_OBJC_WEAK = YES;
				CLANG_WARN_BLOCK_CAPTURE_AUTORELEASING = YES;
				CLANG_WARN_BOOL_CONVERSION = YES;
				CLANG_WARN_COMMA = YES;
				CLANG_WARN_CONSTANT_CONVERSION = YES;
				CLANG_WARN_DEPRECATED_OBJC_IMPLEMENTATIONS = YES;
				CLANG_WARN_DIRECT_OBJC_ISA_USAGE = YES_ERROR;
				CLANG_WARN_DOCUMENTATION_COMMENTS = YES;
				CLANG_WARN_EMPTY_BODY = YES;
				CLANG_WARN_ENUM_CONVERSION = YES;
				CLANG_WARN_INFINITE_RECURSION = YES;
				CLANG_WARN_INT_CONVERSION = YES;
				CLANG_WARN_NON_LITERAL_NULL_CONVERSION = YES;
				CLANG_WARN_OBJC_IMPLICIT_RETAIN_SELF = YES;
				CLANG_WARN_OBJC_LITERAL_CONVERSION = YES;
				CLANG_WARN_OBJC_ROOT_CLASS = YES_ERROR;
				CLANG_WARN_RANGE_LOOP_ANALYSIS = YES;
				CLANG_WARN_STRICT_PROTOTYPES = YES;
				CLANG_WARN_SUSPICIOUS_MOVE = YES;
				CLANG_WARN_UNGUARDED_AVAILABILITY = YES_AGGRESSIVE;
				CLANG_WARN_UNREACHABLE_CODE = YES;
				CLANG_WARN__DUPLICATE_METHOD_MATCH = YES;
				COPY_PHASE_STRIP = NO;
				DEBUG_INFORMATION_FORMAT = "dwarf-with-dsym";
				ENABLE_NS_ASSERTIONS = NO;
				ENABLE_STRICT_OBJC_MSGSEND = YES;
				GCC_C_LANGUAGE_STANDARD = gnu11;
				GCC_NO_COMMON_BLOCKS = YES;
				GCC_WARN_64_TO_32_BIT_CONVERSION = YES;
				GCC_WARN_ABOUT_RETURN_TYPE = YES_ERROR;
				GCC_WARN_UNDECLARED_SELECTOR = YES;
				GCC_WARN_UNINITIALIZED_AUTOS = YES_AGGRESSIVE;
				GCC_WARN_UNUSED_FUNCTION = YES;
				GCC_WARN_UNUSED_VARIABLE = YES;
				IPHONEOS_DEPLOYMENT_TARGET = 13.4;
				MTL_ENABLE_DEBUG_INFO = NO;
				MTL_FAST_MATH = YES;
				SDKROOT = iphoneos;
				SWIFT_COMPILATION_MODE = wholemodule;
				SWIFT_OPTIMIZATION_LEVEL = "-O";
				VALIDATE_PRODUCT = YES;
			};
			name = Release;
		};
		BB0D17932470FAED00BCFB2A /* Debug */ = {
			isa = XCBuildConfiguration;
			buildSettings = {
				ASSETCATALOG_COMPILER_APPICON_NAME = AppIcon;
				CODE_SIGN_STYLE = Automatic;
				DEVELOPMENT_ASSET_PATHS = "\"giantbomb/Preview Content\"";
				DEVELOPMENT_TEAM = P93FLM7N9Q;
				ENABLE_PREVIEWS = YES;
				INFOPLIST_FILE = giantbomb/Info.plist;
				LD_RUNPATH_SEARCH_PATHS = (
					"$(inherited)",
					"@executable_path/Frameworks",
				);
				PRODUCT_BUNDLE_IDENTIFIER = com.rdhaliwal.giantbomb;
				PRODUCT_NAME = "$(TARGET_NAME)";
				SWIFT_VERSION = 5.0;
				TARGETED_DEVICE_FAMILY = "1,2";
			};
			name = Debug;
		};
		BB0D17942470FAED00BCFB2A /* Release */ = {
			isa = XCBuildConfiguration;
			buildSettings = {
				ASSETCATALOG_COMPILER_APPICON_NAME = AppIcon;
				CODE_SIGN_STYLE = Automatic;
				DEVELOPMENT_ASSET_PATHS = "\"giantbomb/Preview Content\"";
				DEVELOPMENT_TEAM = P93FLM7N9Q;
				ENABLE_PREVIEWS = YES;
				INFOPLIST_FILE = giantbomb/Info.plist;
				LD_RUNPATH_SEARCH_PATHS = (
					"$(inherited)",
					"@executable_path/Frameworks",
				);
				PRODUCT_BUNDLE_IDENTIFIER = com.rdhaliwal.giantbomb;
				PRODUCT_NAME = "$(TARGET_NAME)";
				SWIFT_VERSION = 5.0;
				TARGETED_DEVICE_FAMILY = "1,2";
			};
			name = Release;
		};
		BB0D17962470FAED00BCFB2A /* Debug */ = {
			isa = XCBuildConfiguration;
			buildSettings = {
				ALWAYS_EMBED_SWIFT_STANDARD_LIBRARIES = YES;
				BUNDLE_LOADER = "$(TEST_HOST)";
				CODE_SIGN_STYLE = Automatic;
				DEVELOPMENT_TEAM = P93FLM7N9Q;
				INFOPLIST_FILE = giantbombTests/Info.plist;
				IPHONEOS_DEPLOYMENT_TARGET = 13.4;
				LD_RUNPATH_SEARCH_PATHS = (
					"$(inherited)",
					"@executable_path/Frameworks",
					"@loader_path/Frameworks",
				);
				PRODUCT_BUNDLE_IDENTIFIER = com.rdhaliwal.giantbombTests;
				PRODUCT_NAME = "$(TARGET_NAME)";
				SWIFT_VERSION = 5.0;
				TARGETED_DEVICE_FAMILY = "1,2";
				TEST_HOST = "$(BUILT_PRODUCTS_DIR)/giantbomb.app/giantbomb";
			};
			name = Debug;
		};
		BB0D17972470FAED00BCFB2A /* Release */ = {
			isa = XCBuildConfiguration;
			buildSettings = {
				ALWAYS_EMBED_SWIFT_STANDARD_LIBRARIES = YES;
				BUNDLE_LOADER = "$(TEST_HOST)";
				CODE_SIGN_STYLE = Automatic;
				DEVELOPMENT_TEAM = P93FLM7N9Q;
				INFOPLIST_FILE = giantbombTests/Info.plist;
				IPHONEOS_DEPLOYMENT_TARGET = 13.4;
				LD_RUNPATH_SEARCH_PATHS = (
					"$(inherited)",
					"@executable_path/Frameworks",
					"@loader_path/Frameworks",
				);
				PRODUCT_BUNDLE_IDENTIFIER = com.rdhaliwal.giantbombTests;
				PRODUCT_NAME = "$(TARGET_NAME)";
				SWIFT_VERSION = 5.0;
				TARGETED_DEVICE_FAMILY = "1,2";
				TEST_HOST = "$(BUILT_PRODUCTS_DIR)/giantbomb.app/giantbomb";
			};
			name = Release;
		};
		BB0D17992470FAED00BCFB2A /* Debug */ = {
			isa = XCBuildConfiguration;
			buildSettings = {
				ALWAYS_EMBED_SWIFT_STANDARD_LIBRARIES = YES;
				CODE_SIGN_STYLE = Automatic;
				DEVELOPMENT_TEAM = P93FLM7N9Q;
				INFOPLIST_FILE = giantbombUITests/Info.plist;
				LD_RUNPATH_SEARCH_PATHS = (
					"$(inherited)",
					"@executable_path/Frameworks",
					"@loader_path/Frameworks",
				);
				PRODUCT_BUNDLE_IDENTIFIER = com.rdhaliwal.giantbombUITests;
				PRODUCT_NAME = "$(TARGET_NAME)";
				SWIFT_VERSION = 5.0;
				TARGETED_DEVICE_FAMILY = "1,2";
				TEST_TARGET_NAME = giantbomb;
			};
			name = Debug;
		};
		BB0D179A2470FAED00BCFB2A /* Release */ = {
			isa = XCBuildConfiguration;
			buildSettings = {
				ALWAYS_EMBED_SWIFT_STANDARD_LIBRARIES = YES;
				CODE_SIGN_STYLE = Automatic;
				DEVELOPMENT_TEAM = P93FLM7N9Q;
				INFOPLIST_FILE = giantbombUITests/Info.plist;
				LD_RUNPATH_SEARCH_PATHS = (
					"$(inherited)",
					"@executable_path/Frameworks",
					"@loader_path/Frameworks",
				);
				PRODUCT_BUNDLE_IDENTIFIER = com.rdhaliwal.giantbombUITests;
				PRODUCT_NAME = "$(TARGET_NAME)";
				SWIFT_VERSION = 5.0;
				TARGETED_DEVICE_FAMILY = "1,2";
				TEST_TARGET_NAME = giantbomb;
			};
			name = Release;
		};
/* End XCBuildConfiguration section */

/* Begin XCConfigurationList section */
		BB0D17632470FAEB00BCFB2A /* Build configuration list for PBXProject "giantbomb" */ = {
			isa = XCConfigurationList;
			buildConfigurations = (
				BB0D17902470FAED00BCFB2A /* Debug */,
				BB0D17912470FAED00BCFB2A /* Release */,
			);
			defaultConfigurationIsVisible = 0;
			defaultConfigurationName = Release;
		};
		BB0D17922470FAED00BCFB2A /* Build configuration list for PBXNativeTarget "giantbomb" */ = {
			isa = XCConfigurationList;
			buildConfigurations = (
				BB0D17932470FAED00BCFB2A /* Debug */,
				BB0D17942470FAED00BCFB2A /* Release */,
			);
			defaultConfigurationIsVisible = 0;
			defaultConfigurationName = Release;
		};
		BB0D17952470FAED00BCFB2A /* Build configuration list for PBXNativeTarget "giantbombTests" */ = {
			isa = XCConfigurationList;
			buildConfigurations = (
				BB0D17962470FAED00BCFB2A /* Debug */,
				BB0D17972470FAED00BCFB2A /* Release */,
			);
			defaultConfigurationIsVisible = 0;
			defaultConfigurationName = Release;
		};
		BB0D17982470FAED00BCFB2A /* Build configuration list for PBXNativeTarget "giantbombUITests" */ = {
			isa = XCConfigurationList;
			buildConfigurations = (
				BB0D17992470FAED00BCFB2A /* Debug */,
				BB0D179A2470FAED00BCFB2A /* Release */,
			);
			defaultConfigurationIsVisible = 0;
			defaultConfigurationName = Release;
		};
/* End XCConfigurationList section */
	};
	rootObject = BB0D17602470FAEB00BCFB2A /* Project object */;
}
